
Microsoft Visual Studio Solution File, Format Version 12.00
# Visual Studio Version 17
VisualStudioVersion = 17.5.33530.505
MinimumVisualStudioVersion = 10.0.40219.1
Project("{FAE04EC0-301F-11D3-BF4B-00C04F79EFBC}") = "exchange_money", "exchange_money\exchange_money.csproj", "{7A1C61CC-818A-4471-8D0C-751685F38633}"
EndProject
Global
	GlobalSection(SolutionConfigurationPlatforms) = preSolution
		Debug|Any CPU = Debug|Any CPU
		Release|Any CPU = Release|Any CPU
	EndGlobalSection
	GlobalSection(ProjectConfigurationPlatforms) = postSolution
		{7A1C61CC-818A-4471-8D0C-751685F38633}.Debug|Any CPU.ActiveCfg = Debug|Any CPU
		{7A1C61CC-818A-4471-8D0C-751685F38633}.Debug|Any CPU.Build.0 = Debug|Any CPU
		{7A1C61CC-818A-4471-8D0C-751685F38633}.Release|Any CPU.ActiveCfg = Release|Any CPU
		{7A1C61CC-818A-4471-8D0C-751685F38633}.Release|Any CPU.Build.0 = Release|Any CPU
	EndGlobalSection
	GlobalSection(SolutionProperties) = preSolution
		HideSolutionNode = FALSE
	EndGlobalSection
	GlobalSection(ExtensibilityGlobals) = postSolution
		SolutionGuid = {675FFE26-6344-4FF5-BF80-C2B56FF3A958}
	EndGlobalSection
EndGlobal
